// !$*UTF8*$!
{
	archiveVersion = 1;
	classes = {
	};
	objectVersion = 56;
	objects = {

/* Begin PBXBuildFile section */
		9471ACBF2ABC673400F706D3 /* AppDelegate.swift in Sources */ = {isa = PBXBuildFile; fileRef = 9471ACBE2ABC673400F706D3 /* AppDelegate.swift */; };
		9471ACC12ABC673400F706D3 /* SceneDelegate.swift in Sources */ = {isa = PBXBuildFile; fileRef = 9471ACC02ABC673400F706D3 /* SceneDelegate.swift */; };
		9471ACC32ABC673400F706D3 /* JokeViewController.swift in Sources */ = {isa = PBXBuildFile; fileRef = 9471ACC22ABC673400F706D3 /* JokeViewController.swift */; };
		9471ACC92ABC673400F706D3 /* JokeApp.xcdatamodeld in Sources */ = {isa = PBXBuildFile; fileRef = 9471ACC72ABC673400F706D3 /* JokeApp.xcdatamodeld */; };
		9471ACCB2ABC673500F706D3 /* Assets.xcassets in Resources */ = {isa = PBXBuildFile; fileRef = 9471ACCA2ABC673500F706D3 /* Assets.xcassets */; };
		9471ACCE2ABC673500F706D3 /* LaunchScreen.storyboard in Resources */ = {isa = PBXBuildFile; fileRef = 9471ACCC2ABC673500F706D3 /* LaunchScreen.storyboard */; };
		9471ACD92ABC673500F706D3 /* JokeAppTests.swift in Sources */ = {isa = PBXBuildFile; fileRef = 9471ACD82ABC673500F706D3 /* JokeAppTests.swift */; };
		9471ACE32ABC673500F706D3 /* JokeAppUITests.swift in Sources */ = {isa = PBXBuildFile; fileRef = 9471ACE22ABC673500F706D3 /* JokeAppUITests.swift */; };
		9471ACE52ABC673500F706D3 /* JokeAppUITestsLaunchTests.swift in Sources */ = {isa = PBXBuildFile; fileRef = 9471ACE42ABC673500F706D3 /* JokeAppUITestsLaunchTests.swift */; };
		9471ACF32ABC8E0A00F706D3 /* HTTPMethod.swift in Sources */ = {isa = PBXBuildFile; fileRef = 9471ACF22ABC8E0A00F706D3 /* HTTPMethod.swift */; };
		9471ACF52ABC8E2000F706D3 /* APIService.swift in Sources */ = {isa = PBXBuildFile; fileRef = 9471ACF42ABC8E2000F706D3 /* APIService.swift */; };
		9471ACF72ABC8E6B00F706D3 /* AppError.swift in Sources */ = {isa = PBXBuildFile; fileRef = 9471ACF62ABC8E6B00F706D3 /* AppError.swift */; };
		9471ACF92ABC8E9700F706D3 /* NetworkSession.swift in Sources */ = {isa = PBXBuildFile; fileRef = 9471ACF82ABC8E9700F706D3 /* NetworkSession.swift */; };
		9471ACFB2ABC8ED300F706D3 /* Requestable.swift in Sources */ = {isa = PBXBuildFile; fileRef = 9471ACFA2ABC8ED300F706D3 /* Requestable.swift */; };
		9471ACFD2ABC8F0200F706D3 /* ApiEndpoint.swift in Sources */ = {isa = PBXBuildFile; fileRef = 9471ACFC2ABC8F0200F706D3 /* ApiEndpoint.swift */; };
		9471ACFF2ABC8F1900F706D3 /* RequestConfigurable.swift in Sources */ = {isa = PBXBuildFile; fileRef = 9471ACFE2ABC8F1900F706D3 /* RequestConfigurable.swift */; };
		9471AD012ABC8F7C00F706D3 /* NetworkConstant.swift in Sources */ = {isa = PBXBuildFile; fileRef = 9471AD002ABC8F7C00F706D3 /* NetworkConstant.swift */; };
		9471AD092ABCACB200F706D3 /* JokeModel.swift in Sources */ = {isa = PBXBuildFile; fileRef = 9471AD082ABCACB200F706D3 /* JokeModel.swift */; };
		9471AD0C2ABCACE200F706D3 /* JokeService.swift in Sources */ = {isa = PBXBuildFile; fileRef = 9471AD0B2ABCACE200F706D3 /* JokeService.swift */; };
		9471AD0E2ABCADF900F706D3 /* JokeViewModel.swift in Sources */ = {isa = PBXBuildFile; fileRef = 9471AD0D2ABCADF900F706D3 /* JokeViewModel.swift */; };
		9471AD102ABD479600F706D3 /* JokeTableViewCell.swift in Sources */ = {isa = PBXBuildFile; fileRef = 9471AD0F2ABD479600F706D3 /* JokeTableViewCell.swift */; };
/* End PBXBuildFile section */

/* Begin PBXContainerItemProxy section */
		9471ACD52ABC673500F706D3 /* PBXContainerItemProxy */ = {
			isa = PBXContainerItemProxy;
			containerPortal = 9471ACB32ABC673300F706D3 /* Project object */;
			proxyType = 1;
			remoteGlobalIDString = 9471ACBA2ABC673300F706D3;
			remoteInfo = JokeApp;
		};
		9471ACDF2ABC673500F706D3 /* PBXContainerItemProxy */ = {
			isa = PBXContainerItemProxy;
			containerPortal = 9471ACB32ABC673300F706D3 /* Project object */;
			proxyType = 1;
			remoteGlobalIDString = 9471ACBA2ABC673300F706D3;
			remoteInfo = JokeApp;
		};
/* End PBXContainerItemProxy section */

/* Begin PBXFileReference section */
		9471ACBB2ABC673300F706D3 /* JokeApp.app */ = {isa = PBXFileReference; explicitFileType = wrapper.application; includeInIndex = 0; path = JokeApp.app; sourceTree = BUILT_PRODUCTS_DIR; };
		9471ACBE2ABC673400F706D3 /* AppDelegate.swift */ = {isa = PBXFileReference; lastKnownFileType = sourcecode.swift; path = AppDelegate.swift; sourceTree = "<group>"; };
		9471ACC02ABC673400F706D3 /* SceneDelegate.swift */ = {isa = PBXFileReference; lastKnownFileType = sourcecode.swift; path = SceneDelegate.swift; sourceTree = "<group>"; };
		9471ACC22ABC673400F706D3 /* JokeViewController.swift */ = {isa = PBXFileReference; lastKnownFileType = sourcecode.swift; path = JokeViewController.swift; sourceTree = "<group>"; };
		9471ACC82ABC673400F706D3 /* JokeApp.xcdatamodel */ = {isa = PBXFileReference; lastKnownFileType = wrapper.xcdatamodel; path = JokeApp.xcdatamodel; sourceTree = "<group>"; };
		9471ACCA2ABC673500F706D3 /* Assets.xcassets */ = {isa = PBXFileReference; lastKnownFileType = folder.assetcatalog; path = Assets.xcassets; sourceTree = "<group>"; };
		9471ACCD2ABC673500F706D3 /* Base */ = {isa = PBXFileReference; lastKnownFileType = file.storyboard; name = Base; path = Base.lproj/LaunchScreen.storyboard; sourceTree = "<group>"; };
		9471ACCF2ABC673500F706D3 /* Info.plist */ = {isa = PBXFileReference; lastKnownFileType = text.plist.xml; path = Info.plist; sourceTree = "<group>"; };
		9471ACD42ABC673500F706D3 /* JokeAppTests.xctest */ = {isa = PBXFileReference; explicitFileType = wrapper.cfbundle; includeInIndex = 0; path = JokeAppTests.xctest; sourceTree = BUILT_PRODUCTS_DIR; };
		9471ACD82ABC673500F706D3 /* JokeAppTests.swift */ = {isa = PBXFileReference; lastKnownFileType = sourcecode.swift; path = JokeAppTests.swift; sourceTree = "<group>"; };
		9471ACDE2ABC673500F706D3 /* JokeAppUITests.xctest */ = {isa = PBXFileReference; explicitFileType = wrapper.cfbundle; includeInIndex = 0; path = JokeAppUITests.xctest; sourceTree = BUILT_PRODUCTS_DIR; };
		9471ACE22ABC673500F706D3 /* JokeAppUITests.swift */ = {isa = PBXFileReference; lastKnownFileType = sourcecode.swift; path = JokeAppUITests.swift; sourceTree = "<group>"; };
		9471ACE42ABC673500F706D3 /* JokeAppUITestsLaunchTests.swift */ = {isa = PBXFileReference; lastKnownFileType = sourcecode.swift; path = JokeAppUITestsLaunchTests.swift; sourceTree = "<group>"; };
		9471ACF22ABC8E0A00F706D3 /* HTTPMethod.swift */ = {isa = PBXFileReference; lastKnownFileType = sourcecode.swift; path = HTTPMethod.swift; sourceTree = "<group>"; };
		9471ACF42ABC8E2000F706D3 /* APIService.swift */ = {isa = PBXFileReference; lastKnownFileType = sourcecode.swift; path = APIService.swift; sourceTree = "<group>"; };
		9471ACF62ABC8E6B00F706D3 /* AppError.swift */ = {isa = PBXFileReference; lastKnownFileType = sourcecode.swift; path = AppError.swift; sourceTree = "<group>"; };
		9471ACF82ABC8E9700F706D3 /* NetworkSession.swift */ = {isa = PBXFileReference; lastKnownFileType = sourcecode.swift; path = NetworkSession.swift; sourceTree = "<group>"; };
		9471ACFA2ABC8ED300F706D3 /* Requestable.swift */ = {isa = PBXFileReference; lastKnownFileType = sourcecode.swift; path = Requestable.swift; sourceTree = "<group>"; };
		9471ACFC2ABC8F0200F706D3 /* ApiEndpoint.swift */ = {isa = PBXFileReference; lastKnownFileType = sourcecode.swift; path = ApiEndpoint.swift; sourceTree = "<group>"; };
		9471ACFE2ABC8F1900F706D3 /* RequestConfigurable.swift */ = {isa = PBXFileReference; lastKnownFileType = sourcecode.swift; path = RequestConfigurable.swift; sourceTree = "<group>"; };
		9471AD002ABC8F7C00F706D3 /* NetworkConstant.swift */ = {isa = PBXFileReference; lastKnownFileType = sourcecode.swift; path = NetworkConstant.swift; sourceTree = "<group>"; };
		9471AD082ABCACB200F706D3 /* JokeModel.swift */ = {isa = PBXFileReference; lastKnownFileType = sourcecode.swift; path = JokeModel.swift; sourceTree = "<group>"; };
		9471AD0B2ABCACE200F706D3 /* JokeService.swift */ = {isa = PBXFileReference; lastKnownFileType = sourcecode.swift; path = JokeService.swift; sourceTree = "<group>"; };
		9471AD0D2ABCADF900F706D3 /* JokeViewModel.swift */ = {isa = PBXFileReference; lastKnownFileType = sourcecode.swift; path = JokeViewModel.swift; sourceTree = "<group>"; };
		9471AD0F2ABD479600F706D3 /* JokeTableViewCell.swift */ = {isa = PBXFileReference; lastKnownFileType = sourcecode.swift; path = JokeTableViewCell.swift; sourceTree = "<group>"; };
/* End PBXFileReference section */

/* Begin PBXFrameworksBuildPhase section */
		9471ACB82ABC673300F706D3 /* Frameworks */ = {
			isa = PBXFrameworksBuildPhase;
			buildActionMask = 2147483647;
			files = (
			);
			runOnlyForDeploymentPostprocessing = 0;
		};
		9471ACD12ABC673500F706D3 /* Frameworks */ = {
			isa = PBXFrameworksBuildPhase;
			buildActionMask = 2147483647;
			files = (
			);
			runOnlyForDeploymentPostprocessing = 0;
		};
		9471ACDB2ABC673500F706D3 /* Frameworks */ = {
			isa = PBXFrameworksBuildPhase;
			buildActionMask = 2147483647;
			files = (
			);
			runOnlyForDeploymentPostprocessing = 0;
		};
/* End PBXFrameworksBuildPhase section */

/* Begin PBXGroup section */
		9471ACB22ABC673300F706D3 = {
			isa = PBXGroup;
			children = (
				9471ACBD2ABC673400F706D3 /* JokeApp */,
				9471ACD72ABC673500F706D3 /* JokeAppTests */,
				9471ACE12ABC673500F706D3 /* JokeAppUITests */,
				9471ACBC2ABC673300F706D3 /* Products */,
			);
			sourceTree = "<group>";
		};
		9471ACBC2ABC673300F706D3 /* Products */ = {
			isa = PBXGroup;
			children = (
				9471ACBB2ABC673300F706D3 /* JokeApp.app */,
				9471ACD42ABC673500F706D3 /* JokeAppTests.xctest */,
				9471ACDE2ABC673500F706D3 /* JokeAppUITests.xctest */,
			);
			name = Products;
			sourceTree = "<group>";
		};
		9471ACBD2ABC673400F706D3 /* JokeApp */ = {
			isa = PBXGroup;
			children = (
				9471AD0A2ABCACD200F706D3 /* Service */,
				9471AD072ABC90E600F706D3 /* Model */,
				9471AD062ABC90D900F706D3 /* ViewModel */,
				9471AD052ABC90D300F706D3 /* View */,
				9471ACF12ABC8DEE00F706D3 /* Network */,
				9471ACBE2ABC673400F706D3 /* AppDelegate.swift */,
				9471ACC02ABC673400F706D3 /* SceneDelegate.swift */,
				9471ACCA2ABC673500F706D3 /* Assets.xcassets */,
				9471ACCC2ABC673500F706D3 /* LaunchScreen.storyboard */,
				9471ACCF2ABC673500F706D3 /* Info.plist */,
				9471ACC72ABC673400F706D3 /* JokeApp.xcdatamodeld */,
			);
			path = JokeApp;
			sourceTree = "<group>";
		};
		9471ACD72ABC673500F706D3 /* JokeAppTests */ = {
			isa = PBXGroup;
			children = (
				9471ACD82ABC673500F706D3 /* JokeAppTests.swift */,
			);
			path = JokeAppTests;
			sourceTree = "<group>";
		};
		9471ACE12ABC673500F706D3 /* JokeAppUITests */ = {
			isa = PBXGroup;
			children = (
				9471ACE22ABC673500F706D3 /* JokeAppUITests.swift */,
				9471ACE42ABC673500F706D3 /* JokeAppUITestsLaunchTests.swift */,
			);
			path = JokeAppUITests;
			sourceTree = "<group>";
		};
		9471ACF12ABC8DEE00F706D3 /* Network */ = {
			isa = PBXGroup;
			children = (
				9471ACF22ABC8E0A00F706D3 /* HTTPMethod.swift */,
				9471ACF42ABC8E2000F706D3 /* APIService.swift */,
				9471ACF62ABC8E6B00F706D3 /* AppError.swift */,
				9471ACF82ABC8E9700F706D3 /* NetworkSession.swift */,
				9471ACFA2ABC8ED300F706D3 /* Requestable.swift */,
				9471ACFC2ABC8F0200F706D3 /* ApiEndpoint.swift */,
				9471ACFE2ABC8F1900F706D3 /* RequestConfigurable.swift */,
				9471AD002ABC8F7C00F706D3 /* NetworkConstant.swift */,
			);
			path = Network;
			sourceTree = "<group>";
		};
		9471AD052ABC90D300F706D3 /* View */ = {
			isa = PBXGroup;
			children = (
				9471ACC22ABC673400F706D3 /* JokeViewController.swift */,
				9471AD0F2ABD479600F706D3 /* JokeTableViewCell.swift */,
			);
			path = View;
			sourceTree = "<group>";
		};
		9471AD062ABC90D900F706D3 /* ViewModel */ = {
			isa = PBXGroup;
			children = (
				9471AD0D2ABCADF900F706D3 /* JokeViewModel.swift */,
			);
			path = ViewModel;
			sourceTree = "<group>";
		};
		9471AD072ABC90E600F706D3 /* Model */ = {
			isa = PBXGroup;
			children = (
				9471AD082ABCACB200F706D3 /* JokeModel.swift */,
			);
			path = Model;
			sourceTree = "<group>";
		};
		9471AD0A2ABCACD200F706D3 /* Service */ = {
			isa = PBXGroup;
			children = (
				9471AD0B2ABCACE200F706D3 /* JokeService.swift */,
			);
			path = Service;
			sourceTree = "<group>";
		};
/* End PBXGroup section */

/* Begin PBXNativeTarget section */
		9471ACBA2ABC673300F706D3 /* JokeApp */ = {
			isa = PBXNativeTarget;
			buildConfigurationList = 9471ACE82ABC673500F706D3 /* Build configuration list for PBXNativeTarget "JokeApp" */;
			buildPhases = (
				9471ACB72ABC673300F706D3 /* Sources */,
				9471ACB82ABC673300F706D3 /* Frameworks */,
				9471ACB92ABC673300F706D3 /* Resources */,
			);
			buildRules = (
			);
			dependencies = (
			);
			name = JokeApp;
			productName = JokeApp;
			productReference = 9471ACBB2ABC673300F706D3 /* JokeApp.app */;
			productType = "com.apple.product-type.application";
		};
		9471ACD32ABC673500F706D3 /* JokeAppTests */ = {
			isa = PBXNativeTarget;
			buildConfigurationList = 9471ACEB2ABC673500F706D3 /* Build configuration list for PBXNativeTarget "JokeAppTests" */;
			buildPhases = (
				9471ACD02ABC673500F706D3 /* Sources */,
				9471ACD12ABC673500F706D3 /* Frameworks */,
				9471ACD22ABC673500F706D3 /* Resources */,
			);
			buildRules = (
			);
			dependencies = (
				9471ACD62ABC673500F706D3 /* PBXTargetDependency */,
			);
			name = JokeAppTests;
			productName = JokeAppTests;
			productReference = 9471ACD42ABC673500F706D3 /* JokeAppTests.xctest */;
			productType = "com.apple.product-type.bundle.unit-test";
		};
		9471ACDD2ABC673500F706D3 /* JokeAppUITests */ = {
			isa = PBXNativeTarget;
			buildConfigurationList = 9471ACEE2ABC673500F706D3 /* Build configuration list for PBXNativeTarget "JokeAppUITests" */;
			buildPhases = (
				9471ACDA2ABC673500F706D3 /* Sources */,
				9471ACDB2ABC673500F706D3 /* Frameworks */,
				9471ACDC2ABC673500F706D3 /* Resources */,
			);
			buildRules = (
			);
			dependencies = (
				9471ACE02ABC673500F706D3 /* PBXTargetDependency */,
			);
			name = JokeAppUITests;
			productName = JokeAppUITests;
			productReference = 9471ACDE2ABC673500F706D3 /* JokeAppUITests.xctest */;
			productType = "com.apple.product-type.bundle.ui-testing";
		};
/* End PBXNativeTarget section */

/* Begin PBXProject section */
		9471ACB32ABC673300F706D3 /* Project object */ = {
			isa = PBXProject;
			attributes = {
				BuildIndependentTargetsInParallel = 1;
				LastSwiftUpdateCheck = 1430;
				LastUpgradeCheck = 1430;
				TargetAttributes = {
					9471ACBA2ABC673300F706D3 = {
						CreatedOnToolsVersion = 14.3.1;
					};
					9471ACD32ABC673500F706D3 = {
						CreatedOnToolsVersion = 14.3.1;
						TestTargetID = 9471ACBA2ABC673300F706D3;
					};
					9471ACDD2ABC673500F706D3 = {
						CreatedOnToolsVersion = 14.3.1;
						TestTargetID = 9471ACBA2ABC673300F706D3;
					};
				};
			};
			buildConfigurationList = 9471ACB62ABC673300F706D3 /* Build configuration list for PBXProject "JokeApp" */;
			compatibilityVersion = "Xcode 14.0";
			developmentRegion = en;
			hasScannedForEncodings = 0;
			knownRegions = (
				en,
				Base,
			);
			mainGroup = 9471ACB22ABC673300F706D3;
			productRefGroup = 9471ACBC2ABC673300F706D3 /* Products */;
			projectDirPath = "";
			projectRoot = "";
			targets = (
				9471ACBA2ABC673300F706D3 /* JokeApp */,
				9471ACD32ABC673500F706D3 /* JokeAppTests */,
				9471ACDD2ABC673500F706D3 /* JokeAppUITests */,
			);
		};
/* End PBXProject section */

/* Begin PBXResourcesBuildPhase section */
		9471ACB92ABC673300F706D3 /* Resources */ = {
			isa = PBXResourcesBuildPhase;
			buildActionMask = 2147483647;
			files = (
				9471ACCE2ABC673500F706D3 /* LaunchScreen.storyboard in Resources */,
				9471ACCB2ABC673500F706D3 /* Assets.xcassets in Resources */,
			);
			runOnlyForDeploymentPostprocessing = 0;
		};
		9471ACD22ABC673500F706D3 /* Resources */ = {
			isa = PBXResourcesBuildPhase;
			buildActionMask = 2147483647;
			files = (
			);
			runOnlyForDeploymentPostprocessing = 0;
		};
		9471ACDC2ABC673500F706D3 /* Resources */ = {
			isa = PBXResourcesBuildPhase;
			buildActionMask = 2147483647;
			files = (
			);
			runOnlyForDeploymentPostprocessing = 0;
		};
/* End PBXResourcesBuildPhase section */

/* Begin PBXSourcesBuildPhase section */
		9471ACB72ABC673300F706D3 /* Sources */ = {
			isa = PBXSourcesBuildPhase;
			buildActionMask = 2147483647;
			files = (
				9471ACC32ABC673400F706D3 /* JokeViewController.swift in Sources */,
				9471ACBF2ABC673400F706D3 /* AppDelegate.swift in Sources */,
				9471AD092ABCACB200F706D3 /* JokeModel.swift in Sources */,
				9471ACC92ABC673400F706D3 /* JokeApp.xcdatamodeld in Sources */,
				9471AD0C2ABCACE200F706D3 /* JokeService.swift in Sources */,
				9471ACFB2ABC8ED300F706D3 /* Requestable.swift in Sources */,
				9471AD012ABC8F7C00F706D3 /* NetworkConstant.swift in Sources */,
				9471ACF32ABC8E0A00F706D3 /* HTTPMethod.swift in Sources */,
				9471ACF52ABC8E2000F706D3 /* APIService.swift in Sources */,
				9471ACFF2ABC8F1900F706D3 /* RequestConfigurable.swift in Sources */,
				9471AD0E2ABCADF900F706D3 /* JokeViewModel.swift in Sources */,
				9471ACF92ABC8E9700F706D3 /* NetworkSession.swift in Sources */,
				9471ACC12ABC673400F706D3 /* SceneDelegate.swift in Sources */,
				9471ACF72ABC8E6B00F706D3 /* AppError.swift in Sources */,
				9471AD102ABD479600F706D3 /* JokeTableViewCell.swift in Sources */,
				9471ACFD2ABC8F0200F706D3 /* ApiEndpoint.swift in Sources */,
			);
			runOnlyForDeploymentPostprocessing = 0;
		};
		9471ACD02ABC673500F706D3 /* Sources */ = {
			isa = PBXSourcesBuildPhase;
			buildActionMask = 2147483647;
			files = (
				9471ACD92ABC673500F706D3 /* JokeAppTests.swift in Sources */,
			);
			runOnlyForDeploymentPostprocessing = 0;
		};
		9471ACDA2ABC673500F706D3 /* Sources */ = {
			isa = PBXSourcesBuildPhase;
			buildActionMask = 2147483647;
			files = (
				9471ACE32ABC673500F706D3 /* JokeAppUITests.swift in Sources */,
				9471ACE52ABC673500F706D3 /* JokeAppUITestsLaunchTests.swift in Sources */,
			);
			runOnlyForDeploymentPostprocessing = 0;
		};
/* End PBXSourcesBuildPhase section */

/* Begin PBXTargetDependency section */
		9471ACD62ABC673500F706D3 /* PBXTargetDependency */ = {
			isa = PBXTargetDependency;
			target = 9471ACBA2ABC673300F706D3 /* JokeApp */;
			targetProxy = 9471ACD52ABC673500F706D3 /* PBXContainerItemProxy */;
		};
		9471ACE02ABC673500F706D3 /* PBXTargetDependency */ = {
			isa = PBXTargetDependency;
			target = 9471ACBA2ABC673300F706D3 /* JokeApp */;
			targetProxy = 9471ACDF2ABC673500F706D3 /* PBXContainerItemProxy */;
		};
/* End PBXTargetDependency section */

/* Begin PBXVariantGroup section */
		9471ACCC2ABC673500F706D3 /* LaunchScreen.storyboard */ = {
			isa = PBXVariantGroup;
			children = (
				9471ACCD2ABC673500F706D3 /* Base */,
			);
			name = LaunchScreen.storyboard;
			sourceTree = "<group>";
		};
/* End PBXVariantGroup section */

/* Begin XCBuildConfiguration section */
		9471ACE62ABC673500F706D3 /* Debug */ = {
			isa = XCBuildConfiguration;
			buildSettings = {
				ALWAYS_SEARCH_USER_PATHS = NO;
				CLANG_ANALYZER_NONNULL = YES;
				CLANG_ANALYZER_NUMBER_OBJECT_CONVERSION = YES_AGGRESSIVE;
				CLANG_CXX_LANGUAGE_STANDARD = "gnu++20";
				CLANG_ENABLE_MODULES = YES;
				CLANG_ENABLE_OBJC_ARC = YES;
				CLANG_ENABLE_OBJC_WEAK = YES;
				CLANG_WARN_BLOCK_CAPTURE_AUTORELEASING = YES;
				CLANG_WARN_BOOL_CONVERSION = YES;
				CLANG_WARN_COMMA = YES;
				CLANG_WARN_CONSTANT_CONVERSION = YES;
				CLANG_WARN_DEPRECATED_OBJC_IMPLEMENTATIONS = YES;
				CLANG_WARN_DIRECT_OBJC_ISA_USAGE = YES_ERROR;
				CLANG_WARN_DOCUMENTATION_COMMENTS = YES;
				CLANG_WARN_EMPTY_BODY = YES;
				CLANG_WARN_ENUM_CONVERSION = YES;
				CLANG_WARN_INFINITE_RECURSION = YES;
				CLANG_WARN_INT_CONVERSION = YES;
				CLANG_WARN_NON_LITERAL_NULL_CONVERSION = YES;
				CLANG_WARN_OBJC_IMPLICIT_RETAIN_SELF = YES;
				CLANG_WARN_OBJC_LITERAL_CONVERSION = YES;
				CLANG_WARN_OBJC_ROOT_CLASS = YES_ERROR;
				CLANG_WARN_QUOTED_INCLUDE_IN_FRAMEWORK_HEADER = YES;
				CLANG_WARN_RANGE_LOOP_ANALYSIS = YES;
				CLANG_WARN_STRICT_PROTOTYPES = YES;
				CLANG_WARN_SUSPICIOUS_MOVE = YES;
				CLANG_WARN_UNGUARDED_AVAILABILITY = YES_AGGRESSIVE;
				CLANG_WARN_UNREACHABLE_CODE = YES;
				CLANG_WARN__DUPLICATE_METHOD_MATCH = YES;
				COPY_PHASE_STRIP = NO;
				DEBUG_INFORMATION_FORMAT = dwarf;
				ENABLE_STRICT_OBJC_MSGSEND = YES;
				ENABLE_TESTABILITY = YES;
				GCC_C_LANGUAGE_STANDARD = gnu11;
				GCC_DYNAMIC_NO_PIC = NO;
				GCC_NO_COMMON_BLOCKS = YES;
				GCC_OPTIMIZATION_LEVEL = 0;
				GCC_PREPROCESSOR_DEFINITIONS = (
					"DEBUG=1",
					"$(inherited)",
				);
				GCC_WARN_64_TO_32_BIT_CONVERSION = YES;
				GCC_WARN_ABOUT_RETURN_TYPE = YES_ERROR;
				GCC_WARN_UNDECLARED_SELECTOR = YES;
				GCC_WARN_UNINITIALIZED_AUTOS = YES_AGGRESSIVE;
				GCC_WARN_UNUSED_FUNCTION = YES;
				GCC_WARN_UNUSED_VARIABLE = YES;
				IPHONEOS_DEPLOYMENT_TARGET = 16.4;
				MTL_ENABLE_DEBUG_INFO = INCLUDE_SOURCE;
				MTL_FAST_MATH = YES;
				ONLY_ACTIVE_ARCH = YES;
				SDKROOT = iphoneos;
				SWIFT_ACTIVE_COMPILATION_CONDITIONS = DEBUG;
				SWIFT_OPTIMIZATION_LEVEL = "-Onone";
			};
			name = Debug;
		};
		9471ACE72ABC673500F706D3 /* Release */ = {
			isa = XCBuildConfiguration;
			buildSettings = {
				ALWAYS_SEARCH_USER_PATHS = NO;
				CLANG_ANALYZER_NONNULL = YES;
				CLANG_ANALYZER_NUMBER_OBJECT_CONVERSION = YES_AGGRESSIVE;
				CLANG_CXX_LANGUAGE_STANDARD = "gnu++20";
				CLANG_ENABLE_MODULES = YES;
				CLANG_ENABLE_OBJC_ARC = YES;
				CLANG_ENABLE_OBJC_WEAK = YES;
				CLANG_WARN_BLOCK_CAPTURE_AUTORELEASING = YES;
				CLANG_WARN_BOOL_CONVERSION = YES;
				CLANG_WARN_COMMA = YES;
				CLANG_WARN_CONSTANT_CONVERSION = YES;
				CLANG_WARN_DEPRECATED_OBJC_IMPLEMENTATIONS = YES;
				CLANG_WARN_DIRECT_OBJC_ISA_USAGE = YES_ERROR;
				CLANG_WARN_DOCUMENTATION_COMMENTS = YES;
				CLANG_WARN_EMPTY_BODY = YES;
				CLANG_WARN_ENUM_CONVERSION = YES;
				CLANG_WARN_INFINITE_RECURSION = YES;
				CLANG_WARN_INT_CONVERSION = YES;
				CLANG_WARN_NON_LITERAL_NULL_CONVERSION = YES;
				CLANG_WARN_OBJC_IMPLICIT_RETAIN_SELF = YES;
				CLANG_WARN_OBJC_LITERAL_CONVERSION = YES;
				CLANG_WARN_OBJC_ROOT_CLASS = YES_ERROR;
				CLANG_WARN_QUOTED_INCLUDE_IN_FRAMEWORK_HEADER = YES;
				CLANG_WARN_RANGE_LOOP_ANALYSIS = YES;
				CLANG_WARN_STRICT_PROTOTYPES = YES;
				CLANG_WARN_SUSPICIOUS_MOVE = YES;
				CLANG_WARN_UNGUARDED_AVAILABILITY = YES_AGGRESSIVE;
				CLANG_WARN_UNREACHABLE_CODE = YES;
				CLANG_WARN__DUPLICATE_METHOD_MATCH = YES;
				COPY_PHASE_STRIP = NO;
				DEBUG_INFORMATION_FORMAT = "dwarf-with-dsym";
				ENABLE_NS_ASSERTIONS = NO;
				ENABLE_STRICT_OBJC_MSGSEND = YES;
				GCC_C_LANGUAGE_STANDARD = gnu11;
				GCC_NO_COMMON_BLOCKS = YES;
				GCC_WARN_64_TO_32_BIT_CONVERSION = YES;
				GCC_WARN_ABOUT_RETURN_TYPE = YES_ERROR;
				GCC_WARN_UNDECLARED_SELECTOR = YES;
				GCC_WARN_UNINITIALIZED_AUTOS = YES_AGGRESSIVE;
				GCC_WARN_UNUSED_FUNCTION = YES;
				GCC_WARN_UNUSED_VARIABLE = YES;
				IPHONEOS_DEPLOYMENT_TARGET = 16.4;
				MTL_ENABLE_DEBUG_INFO = NO;
				MTL_FAST_MATH = YES;
				SDKROOT = iphoneos;
				SWIFT_COMPILATION_MODE = wholemodule;
				SWIFT_OPTIMIZATION_LEVEL = "-O";
				VALIDATE_PRODUCT = YES;
			};
			name = Release;
		};
		9471ACE92ABC673500F706D3 /* Debug */ = {
			isa = XCBuildConfiguration;
			buildSettings = {
				ASSETCATALOG_COMPILER_APPICON_NAME = AppIcon;
				ASSETCATALOG_COMPILER_GLOBAL_ACCENT_COLOR_NAME = AccentColor;
				CODE_SIGN_STYLE = Automatic;
				CURRENT_PROJECT_VERSION = 1;
				DEVELOPMENT_TEAM = C7WV6R6Z8P;
				GENERATE_INFOPLIST_FILE = YES;
				INFOPLIST_FILE = JokeApp/Info.plist;
				INFOPLIST_KEY_UIApplicationSupportsIndirectInputEvents = YES;
				INFOPLIST_KEY_UILaunchStoryboardName = LaunchScreen;
				INFOPLIST_KEY_UIStatusBarStyle = UIStatusBarStyleDarkContent;
				INFOPLIST_KEY_UISupportedInterfaceOrientations_iPad = "UIInterfaceOrientationPortrait UIInterfaceOrientationPortraitUpsideDown UIInterfaceOrientationLandscapeLeft UIInterfaceOrientationLandscapeRight";
				INFOPLIST_KEY_UISupportedInterfaceOrientations_iPhone = "UIInterfaceOrientationPortrait UIInterfaceOrientationLandscapeLeft UIInterfaceOrientationLandscapeRight";
				IPHONEOS_DEPLOYMENT_TARGET = 13.0;
				LD_RUNPATH_SEARCH_PATHS = (
					"$(inherited)",
					"@executable_path/Frameworks",
				);
				MARKETING_VERSION = 1.0;
				PRODUCT_BUNDLE_IDENTIFIER = com.abc.JokeApp;
				PRODUCT_NAME = "$(TARGET_NAME)";
				SWIFT_EMIT_LOC_STRINGS = YES;
				SWIFT_VERSION = 5.0;
				TARGETED_DEVICE_FAMILY = "1,2";
			};
			name = Debug;
		};
		9471ACEA2ABC673500F706D3 /* Release */ = {
			isa = XCBuildConfiguration;
			buildSettings = {
				ASSETCATALOG_COMPILER_APPICON_NAME = AppIcon;
				ASSETCATALOG_COMPILER_GLOBAL_ACCENT_COLOR_NAME = AccentColor;
				CODE_SIGN_STYLE = Automatic;
				CURRENT_PROJECT_VERSION = 1;
				DEVELOPMENT_TEAM = C7WV6R6Z8P;
				GENERATE_INFOPLIST_FILE = YES;
				INFOPLIST_FILE = JokeApp/Info.plist;
				INFOPLIST_KEY_UIApplicationSupportsIndirectInputEvents = YES;
				INFOPLIST_KEY_UILaunchStoryboardName = LaunchScreen;
				INFOPLIST_KEY_UIStatusBarStyle = UIStatusBarStyleDarkContent;
				INFOPLIST_KEY_UISupportedInterfaceOrientations_iPad = "UIInterfaceOrientationPortrait UIInterfaceOrientationPortraitUpsideDown UIInterfaceOrientationLandscapeLeft UIInterfaceOrientationLandscapeRight";
				INFOPLIST_KEY_UISupportedInterfaceOrientations_iPhone = "UIInterfaceOrientationPortrait UIInterfaceOrientationLandscapeLeft UIInterfaceOrientationLandscapeRight";
				IPHONEOS_DEPLOYMENT_TARGET = 13.0;
				LD_RUNPATH_SEARCH_PATHS = (
					"$(inherited)",
					"@executable_path/Frameworks",
				);
				MARKETING_VERSION = 1.0;
				PRODUCT_BUNDLE_IDENTIFIER = com.abc.JokeApp;
				PRODUCT_NAME = "$(TARGET_NAME)";
				SWIFT_EMIT_LOC_STRINGS = YES;
				SWIFT_VERSION = 5.0;
				TARGETED_DEVICE_FAMILY = "1,2";
			};
			name = Release;
		};
		9471ACEC2ABC673500F706D3 /* Debug */ = {
			isa = XCBuildConfiguration;
			buildSettings = {
				ALWAYS_EMBED_SWIFT_STANDARD_LIBRARIES = YES;
				BUNDLE_LOADER = "$(TEST_HOST)";
				CODE_SIGN_STYLE = Automatic;
				CURRENT_PROJECT_VERSION = 1;
				DEVELOPMENT_TEAM = C7WV6R6Z8P;
				GENERATE_INFOPLIST_FILE = YES;
				IPHONEOS_DEPLOYMENT_TARGET = 16.4;
				MARKETING_VERSION = 1.0;
				PRODUCT_BUNDLE_IDENTIFIER = com.abc.JokeAppTests;
				PRODUCT_NAME = "$(TARGET_NAME)";
				SWIFT_EMIT_LOC_STRINGS = NO;
				SWIFT_VERSION = 5.0;
				TARGETED_DEVICE_FAMILY = "1,2";
				TEST_HOST = "$(BUILT_PRODUCTS_DIR)/JokeApp.app/$(BUNDLE_EXECUTABLE_FOLDER_PATH)/JokeApp";
			};
			name = Debug;
		};
		9471ACED2ABC673500F706D3 /* Release */ = {
			isa = XCBuildConfiguration;
			buildSettings = {
				ALWAYS_EMBED_SWIFT_STANDARD_LIBRARIES = YES;
				BUNDLE_LOADER = "$(TEST_HOST)";
				CODE_SIGN_STYLE = Automatic;
				CURRENT_PROJECT_VERSION = 1;
				DEVELOPMENT_TEAM = C7WV6R6Z8P;
				GENERATE_INFOPLIST_FILE = YES;
				IPHONEOS_DEPLOYMENT_TARGET = 16.4;
				MARKETING_VERSION = 1.0;
				PRODUCT_BUNDLE_IDENTIFIER = com.abc.JokeAppTests;
				PRODUCT_NAME = "$(TARGET_NAME)";
				SWIFT_EMIT_LOC_STRINGS = NO;
				SWIFT_VERSION = 5.0;
				TARGETED_DEVICE_FAMILY = "1,2";
				TEST_HOST = "$(BUILT_PRODUCTS_DIR)/JokeApp.app/$(BUNDLE_EXECUTABLE_FOLDER_PATH)/JokeApp";
			};
			name = Release;
		};
		9471ACEF2ABC673500F706D3 /* Debug */ = {
			isa = XCBuildConfiguration;
			buildSettings = {
				ALWAYS_EMBED_SWIFT_STANDARD_LIBRARIES = YES;
				CODE_SIGN_STYLE = Automatic;
				CURRENT_PROJECT_VERSION = 1;
				DEVELOPMENT_TEAM = C7WV6R6Z8P;
				GENERATE_INFOPLIST_FILE = YES;
				MARKETING_VERSION = 1.0;
				PRODUCT_BUNDLE_IDENTIFIER = com.abc.JokeAppUITests;
				PRODUCT_NAME = "$(TARGET_NAME)";
				SWIFT_EMIT_LOC_STRINGS = NO;
				SWIFT_VERSION = 5.0;
				TARGETED_DEVICE_FAMILY = "1,2";
				TEST_TARGET_NAME = JokeApp;
			};
			name = Debug;
		};
		9471ACF02ABC673500F706D3 /* Release */ = {
			isa = XCBuildConfiguration;
			buildSettings = {
				ALWAYS_EMBED_SWIFT_STANDARD_LIBRARIES = YES;
				CODE_SIGN_STYLE = Automatic;
				CURRENT_PROJECT_VERSION = 1;
				DEVELOPMENT_TEAM = C7WV6R6Z8P;
				GENERATE_INFOPLIST_FILE = YES;
				MARKETING_VERSION = 1.0;
				PRODUCT_BUNDLE_IDENTIFIER = com.abc.JokeAppUITests;
				PRODUCT_NAME = "$(TARGET_NAME)";
				SWIFT_EMIT_LOC_STRINGS = NO;
				SWIFT_VERSION = 5.0;
				TARGETED_DEVICE_FAMILY = "1,2";
				TEST_TARGET_NAME = JokeApp;
			};
			name = Release;
		};
/* End XCBuildConfiguration section */

/* Begin XCConfigurationList section */
		9471ACB62ABC673300F706D3 /* Build configuration list for PBXProject "JokeApp" */ = {
			isa = XCConfigurationList;
			buildConfigurations = (
				9471ACE62ABC673500F706D3 /* Debug */,
				9471ACE72ABC673500F706D3 /* Release */,
			);
			defaultConfigurationIsVisible = 0;
			defaultConfigurationName = Release;
		};
		9471ACE82ABC673500F706D3 /* Build configuration list for PBXNativeTarget "JokeApp" */ = {
			isa = XCConfigurationList;
			buildConfigurations = (
				9471ACE92ABC673500F706D3 /* Debug */,
				9471ACEA2ABC673500F706D3 /* Release */,
			);
			defaultConfigurationIsVisible = 0;
			defaultConfigurationName = Release;
		};
		9471ACEB2ABC673500F706D3 /* Build configuration list for PBXNativeTarget "JokeAppTests" */ = {
			isa = XCConfigurationList;
			buildConfigurations = (
				9471ACEC2ABC673500F706D3 /* Debug */,
				9471ACED2ABC673500F706D3 /* Release */,
			);
			defaultConfigurationIsVisible = 0;
			defaultConfigurationName = Release;
		};
		9471ACEE2ABC673500F706D3 /* Build configuration list for PBXNativeTarget "JokeAppUITests" */ = {
			isa = XCConfigurationList;
			buildConfigurations = (
				9471ACEF2ABC673500F706D3 /* Debug */,
				9471ACF02ABC673500F706D3 /* Release */,
			);
			defaultConfigurationIsVisible = 0;
			defaultConfigurationName = Release;
		};
/* End XCConfigurationList section */

/* Begin XCVersionGroup section */
		9471ACC72ABC673400F706D3 /* JokeApp.xcdatamodeld */ = {
			isa = XCVersionGroup;
			children = (
				9471ACC82ABC673400F706D3 /* JokeApp.xcdatamodel */,
			);
			currentVersion = 9471ACC82ABC673400F706D3 /* JokeApp.xcdatamodel */;
			path = JokeApp.xcdatamodeld;
			sourceTree = "<group>";
			versionGroupType = wrapper.xcdatamodel;
		};
/* End XCVersionGroup section */
	};
	rootObject = 9471ACB32ABC673300F706D3 /* Project object */;
}
